
Microsoft Visual Studio Solution File, Format Version 12.00
# Visual Studio Version 17
VisualStudioVersion = 17.12.35521.163 d17.12
MinimumVisualStudioVersion = 10.0.40219.1
Project("{FAE04EC0-301F-11D3-BF4B-00C04F79EFBC}") = "BonelabModInstaller", "BonelabModInstaller\BonelabModInstaller.csproj", "{DA4D5D59-B91A-49AB-AF77-366BE5771410}"
EndProject
Global
	GlobalSection(SolutionConfigurationPlatforms) = preSolution
		Debug|Any CPU = Debug|Any CPU
		Release|Any CPU = Release|Any CPU
	EndGlobalSection
	GlobalSection(ProjectConfigurationPlatforms) = postSolution
		{DA4D5D59-B91A-49AB-AF77-366BE5771410}.Debug|Any CPU.ActiveCfg = Debug|Any CPU
		{DA4D5D59-B91A-49AB-AF77-366BE5771410}.Debug|Any CPU.Build.0 = Debug|Any CPU
		{DA4D5D59-B91A-49AB-AF77-366BE5771410}.Release|Any CPU.ActiveCfg = Release|Any CPU
		{DA4D5D59-B91A-49AB-AF77-366BE5771410}.Release|Any CPU.Build.0 = Release|Any CPU
	EndGlobalSection
	GlobalSection(SolutionProperties) = preSolution
		HideSolutionNode = FALSE
	EndGlobalSection
EndGlobal
